
Microsoft Visual Studio Solution File, Format Version 12.00
# Visual Studio Version 16
VisualStudioVersion = 16.0.31515.178
MinimumVisualStudioVersion = 10.0.40219.1
Project("{888888A0-9F3D-457C-B088-3A5042F75D52}") = "Chapter 4", "Chapter 4.pyproj", "{9E54FA96-744D-4059-B5F9-C3D90C36ADEF}"
EndProject
Global
	GlobalSection(SolutionConfigurationPlatforms) = preSolution
		Debug|Any CPU = Debug|Any CPU
		Release|Any CPU = Release|Any CPU
	EndGlobalSection
	GlobalSection(ProjectConfigurationPlatforms) = postSolution
		{9E54FA96-744D-4059-B5F9-C3D90C36ADEF}.Debug|Any CPU.ActiveCfg = Debug|Any CPU
		{9E54FA96-744D-4059-B5F9-C3D90C36ADEF}.Release|Any CPU.ActiveCfg = Release|Any CPU
	EndGlobalSection
	GlobalSection(SolutionProperties) = preSolution
		HideSolutionNode = FALSE
	EndGlobalSection
	GlobalSection(ExtensibilityGlobals) = postSolution
		SolutionGuid = {0525306F-1675-4FD6-BD35-5CDDEB0B223C}
	EndGlobalSection
EndGlobal
