
Microsoft Visual Studio Solution File, Format Version 12.00
# Visual Studio Version 16
VisualStudioVersion = 16.0.31515.178
MinimumVisualStudioVersion = 10.0.40219.1
Project("{888888A0-9F3D-457C-B088-3A5042F75D52}") = "Chapter 5", "Chapter 5.pyproj", "{92BBE187-46AA-42D0-A40A-3CE13BBE6EA1}"
EndProject
Global
	GlobalSection(SolutionConfigurationPlatforms) = preSolution
		Debug|Any CPU = Debug|Any CPU
		Release|Any CPU = Release|Any CPU
	EndGlobalSection
	GlobalSection(ProjectConfigurationPlatforms) = postSolution
		{92BBE187-46AA-42D0-A40A-3CE13BBE6EA1}.Debug|Any CPU.ActiveCfg = Debug|Any CPU
		{92BBE187-46AA-42D0-A40A-3CE13BBE6EA1}.Release|Any CPU.ActiveCfg = Release|Any CPU
	EndGlobalSection
	GlobalSection(SolutionProperties) = preSolution
		HideSolutionNode = FALSE
	EndGlobalSection
	GlobalSection(ExtensibilityGlobals) = postSolution
		SolutionGuid = {68B83080-40E5-46B7-A277-AE8C100CD3E4}
	EndGlobalSection
EndGlobal
