
Microsoft Visual Studio Solution File, Format Version 12.00
# Visual Studio Version 16
VisualStudioVersion = 16.0.31515.178
MinimumVisualStudioVersion = 10.0.40219.1
Project("{888888A0-9F3D-457C-B088-3A5042F75D52}") = "Chapter 6", "Chapter 6.pyproj", "{35380D95-B4BA-4609-9807-AACD4937FAB2}"
EndProject
Global
	GlobalSection(SolutionConfigurationPlatforms) = preSolution
		Debug|Any CPU = Debug|Any CPU
		Release|Any CPU = Release|Any CPU
	EndGlobalSection
	GlobalSection(ProjectConfigurationPlatforms) = postSolution
		{35380D95-B4BA-4609-9807-AACD4937FAB2}.Debug|Any CPU.ActiveCfg = Debug|Any CPU
		{35380D95-B4BA-4609-9807-AACD4937FAB2}.Release|Any CPU.ActiveCfg = Release|Any CPU
	EndGlobalSection
	GlobalSection(SolutionProperties) = preSolution
		HideSolutionNode = FALSE
	EndGlobalSection
	GlobalSection(ExtensibilityGlobals) = postSolution
		SolutionGuid = {DD7D1FB0-EA82-43AB-8896-7BAE67CBC231}
	EndGlobalSection
EndGlobal
